{
  "name": "@aoc-enterprise/runtime",
  "version": "0.1.0",
  "lockfileVersion": 3,
  "requires": true,
  "packages": {
    "": {
      "name": "@aoc-enterprise/runtime",
      "version": "0.1.0",
      "workspaces": [
        "packages/*"
      ],
      "dependencies": {
        "@aoc/protocol": "file:../Architects_of_Change_Protocol/packages/protocol"
      }
    },
    "../Architects_of_Change_Protocol/packages/protocol": {},
    "node_modules/@aoc-enterprise/agent-governance": {
      "resolved": "packages/agent-governance",
      "link": true
    },
    "node_modules/@aoc-enterprise/audit-sdk": {
      "resolved": "packages/audit-sdk",
      "link": true
    },
    "node_modules/@aoc-enterprise/canonical-runtime-contracts": {
      "resolved": "packages/canonical-runtime-contracts",
      "link": true
    },
    "node_modules/@aoc-enterprise/capability-tokens": {
      "resolved": "packages/capability-tokens",
      "link": true
    },
    "node_modules/@aoc-enterprise/consent-engine": {
      "resolved": "packages/consent-engine",
      "link": true
    },
    "node_modules/@aoc-enterprise/control-plane": {
      "resolved": "packages/control-plane",
      "link": true
    },
    "node_modules/@aoc-enterprise/control-plane-sdk": {
      "resolved": "packages/control-plane-sdk",
      "link": true
    },
    "node_modules/@aoc-enterprise/enterprise-audit": {
      "resolved": "packages/enterprise-audit",
      "link": true
    },
    "node_modules/@aoc-enterprise/identity": {
      "resolved": "packages/identity",
      "link": true
    },
    "node_modules/@aoc-enterprise/integration-runtime": {
      "resolved": "packages/integration-runtime",
      "link": true
    },
    "node_modules/@aoc-enterprise/org-boundary": {
      "resolved": "packages/org-boundary",
      "link": true
    },
    "node_modules/@aoc-enterprise/policy-runtime": {
      "resolved": "packages/policy-runtime",
      "link": true
    },
    "node_modules/@aoc-enterprise/scoped-access": {
      "resolved": "packages/scoped-access",
      "link": true
    },
    "node_modules/@aoc-enterprise/tenant-governance": {
      "resolved": "packages/tenant-governance",
      "link": true
    },
    "node_modules/@aoc/protocol": {
      "resolved": "../Architects_of_Change_Protocol/packages/protocol",
      "link": true
    },
    "node_modules/governance-treaties": {
      "resolved": "packages/governance-treaties",
      "link": true
    },
    "node_modules/runtime-negotiation": {
      "resolved": "packages/runtime-negotiation",
      "link": true
    },
    "packages/agent-governance": {
      "name": "@aoc-enterprise/agent-governance",
      "version": "0.1.0"
    },
    "packages/audit-sdk": {
      "name": "@aoc-enterprise/audit-sdk",
      "version": "0.1.0"
    },
    "packages/canonical-runtime-contracts": {
      "name": "@aoc-enterprise/canonical-runtime-contracts",
      "version": "0.1.0"
    },
    "packages/capability-tokens": {
      "name": "@aoc-enterprise/capability-tokens",
      "version": "0.1.0"
    },
    "packages/consent-engine": {
      "name": "@aoc-enterprise/consent-engine",
      "version": "0.1.0"
    },
    "packages/control-plane": {
      "name": "@aoc-enterprise/control-plane",
      "version": "0.1.0"
    },
    "packages/control-plane-sdk": {
      "name": "@aoc-enterprise/control-plane-sdk",
      "version": "0.1.0",
      "dependencies": {
        "@aoc-enterprise/policy-runtime": "file:../policy-runtime"
      }
    },
    "packages/enterprise-audit": {
      "name": "@aoc-enterprise/enterprise-audit",
      "version": "0.1.0"
    },
    "packages/governance-treaties": {},
    "packages/identity": {
      "name": "@aoc-enterprise/identity",
      "version": "0.1.0"
    },
    "packages/integration-runtime": {
      "name": "@aoc-enterprise/integration-runtime",
      "version": "0.1.0"
    },
    "packages/org-boundary": {
      "name": "@aoc-enterprise/org-boundary",
      "version": "0.1.0"
    },
    "packages/policy-runtime": {
      "name": "@aoc-enterprise/policy-runtime",
      "version": "0.1.0"
    },
    "packages/runtime-negotiation": {},
    "packages/scoped-access": {
      "name": "@aoc-enterprise/scoped-access",
      "version": "0.1.0"
    },
    "packages/tenant-governance": {
      "name": "@aoc-enterprise/tenant-governance",
      "version": "0.1.0"
    }
  }
}
